# This file is automatically @generated by Cargo.
# It is not intended for manual editing.
version = 4

[[package]]
name = "aho-corasick"
version = "1.1.3"
source = "registry+https://github.com/rust-lang/crates.io-index"
checksum = "8e60d3430d3a69478ad0993f19238d2df97c507009a52b3c10addcd7f6bcb916"
dependencies = [
 "memchr",
]

[[package]]
name = "const-crypto"
version = "0.3.0"
source = "registry+https://github.com/rust-lang/crates.io-index"
checksum = "1c06f1eb05f06cf2e380fdded278fbf056a38974299d77960555a311dcf91a52"
dependencies = [
 "keccak-const",
 "sha2-const-stable",
]

[[package]]
name = "keccak-const"
version = "0.2.0"
source = "registry+https://github.com/rust-lang/crates.io-index"
checksum = "57d8d8ce877200136358e0bbff3a77965875db3af755a11e1fa6b1b3e2df13ea"

[[package]]
name = "memchr"
version = "2.7.4"
source = "registry+https://github.com/rust-lang/crates.io-index"
checksum = "78ca9ab1a0babb1e7d5695e3530886289c18cf2f87ec19a575a0abdce112e3a3"

[[package]]
name = "pinocchio"
version = "0.8.4"

[[package]]
name = "pinocchio-associated-token-account"
version = "0.1.1"
dependencies = [
 "pinocchio",
 "pinocchio-pubkey",
]

[[package]]
name = "pinocchio-log"
version = "0.4.0"
dependencies = [
 "pinocchio-log-macro",
]

[[package]]
name = "pinocchio-log-macro"
version = "0.4.1"
dependencies = [
 "quote",
 "regex",
 "syn",
]

[[package]]
name = "pinocchio-memo"
version = "0.1.0"
dependencies = [
 "pinocchio",
 "pinocchio-pubkey",
]

[[package]]
name = "pinocchio-pubkey"
version = "0.2.4"
dependencies = [
 "const-crypto",
 "pinocchio",
]

[[package]]
name = "pinocchio-system"
version = "0.2.3"
dependencies = [
 "pinocchio",
 "pinocchio-pubkey",
]

[[package]]
name = "pinocchio-token"
version = "0.3.0"
dependencies = [
 "pinocchio",
 "pinocchio-pubkey",
]

[[package]]
name = "proc-macro2"
version = "1.0.89"
source = "registry+https://github.com/rust-lang/crates.io-index"
checksum = "f139b0662de085916d1fb67d2b4169d1addddda1919e696f3252b740b629986e"
dependencies = [
 "unicode-ident",
]

[[package]]
name = "quote"
version = "1.0.37"
source = "registry+https://github.com/rust-lang/crates.io-index"
checksum = "b5b9d34b8991d19d98081b46eacdd8eb58c6f2b201139f7c5f643cc155a633af"
dependencies = [
 "proc-macro2",
]

[[package]]
name = "regex"
version = "1.11.1"
source = "registry+https://github.com/rust-lang/crates.io-index"
checksum = "b544ef1b4eac5dc2db33ea63606ae9ffcfac26c1416a2806ae0bf5f56b201191"
dependencies = [
 "aho-corasick",
 "memchr",
 "regex-automata",
 "regex-syntax",
]

[[package]]
name = "regex-automata"
version = "0.4.9"
source = "registry+https://github.com/rust-lang/crates.io-index"
checksum = "809e8dc61f6de73b46c85f4c96486310fe304c434cfa43669d7b40f711150908"
dependencies = [
 "aho-corasick",
 "memchr",
 "regex-syntax",
]

[[package]]
name = "regex-syntax"
version = "0.8.5"
source = "registry+https://github.com/rust-lang/crates.io-index"
checksum = "2b15c43186be67a4fd63bee50d0303afffcef381492ebe2c5d87f324e1b8815c"

[[package]]
name = "sha2-const-stable"
version = "0.1.0"
source = "registry+https://github.com/rust-lang/crates.io-index"
checksum = "5f179d4e11094a893b82fff208f74d448a7512f99f5a0acbd5c679b705f83ed9"

[[package]]
name = "syn"
version = "1.0.109"
source = "registry+https://github.com/rust-lang/crates.io-index"
checksum = "72b64191b275b66ffe2469e8af2c1cfe3bafa67b529ead792a6d0160888b4237"
dependencies = [
 "proc-macro2",
 "quote",
 "unicode-ident",
]

[[package]]
name = "unicode-ident"
version = "1.0.13"
source = "registry+https://github.com/rust-lang/crates.io-index"
checksum = "e91b56cd4cadaeb79bbf1a5645f6b4f8dc5bde8834ad5894a8db35fda9efa1fe"
